
Microsoft Visual Studio Solution File, Format Version 12.00
# Visual Studio Version 16
VisualStudioVersion = 16.0.30611.23
MinimumVisualStudioVersion = 10.0.40219.1
Project("{8BC9CEB8-8B4A-11D0-8D11-00A0C91BC942}") = "17배_미결", "17배\17배.vcxproj", "{ED0877E6-A47E-4F9A-A478-82E876FC4550}"
EndProject
Project("{8BC9CEB8-8B4A-11D0-8D11-00A0C91BC942}") = "타임 카드", "타임 카드\타임 카드.vcxproj", "{AD3531AB-3EF7-4522-BD75-C1C4F63976AD}"
EndProject
Project("{8BC9CEB8-8B4A-11D0-8D11-00A0C91BC942}") = "상근날드", "상근날드\상근날드.vcxproj", "{27EE4C81-F694-43F4-8CE7-9768FA981758}"
EndProject
Project("{8BC9CEB8-8B4A-11D0-8D11-00A0C91BC942}") = "방학숙제", "방학숙제\방학숙제.vcxproj", "{0D47D425-F5D6-4AD2-8002-F8220315E138}"
EndProject
Project("{8BC9CEB8-8B4A-11D0-8D11-00A0C91BC942}") = "AFC 윔블던", "AFC 윔블던\AFC 윔블던.vcxproj", "{45D5CCB9-A826-4948-896B-DCEFF8CBAFFB}"
EndProject
Project("{8BC9CEB8-8B4A-11D0-8D11-00A0C91BC942}") = "체스판 조각", "체스판 조각\체스판 조각.vcxproj", "{1F8FD301-9575-493B-82F8-49E26066C36E}"
EndProject
Project("{8BC9CEB8-8B4A-11D0-8D11-00A0C91BC942}") = "윤년", "윤년\윤년.vcxproj", "{6E830D06-A43D-4B56-9E11-2E62E7848684}"
EndProject
Project("{8BC9CEB8-8B4A-11D0-8D11-00A0C91BC942}") = "세수정렬", "세수정렬\세수정렬.vcxproj", "{6D49A3CE-9D5B-4900-9A0C-C834A2398108}"
EndProject
Project("{8BC9CEB8-8B4A-11D0-8D11-00A0C91BC942}") = "곱셈", "곱셈\곱셈.vcxproj", "{B382954B-AEBB-44E4-A99B-4AB3C3A2B24A}"
EndProject
Project("{8BC9CEB8-8B4A-11D0-8D11-00A0C91BC942}") = "인공지능 시계", "인공지능 시계\인공지능 시계.vcxproj", "{FA8249EC-D1D9-4B70-9CB7-D3156B979798}"
EndProject
Project("{8BC9CEB8-8B4A-11D0-8D11-00A0C91BC942}") = "오븐 시계", "오븐 시계\오븐 시계.vcxproj", "{686DD831-1C86-4AAD-8C56-752EE9F524E1}"
EndProject
Project("{8BC9CEB8-8B4A-11D0-8D11-00A0C91BC942}") = "주사위 세개", "주사위 세개\주사위 세개.vcxproj", "{50C82550-3DED-4FD9-B4E5-A927211201A8}"
EndProject
Project("{8BC9CEB8-8B4A-11D0-8D11-00A0C91BC942}") = "사파리월드", "사파리월드\사파리월드.vcxproj", "{EE6C5024-D4C0-4FCD-AB90-60B8B45D233C}"
EndProject
Project("{8BC9CEB8-8B4A-11D0-8D11-00A0C91BC942}") = "손익분기점", "손익분기점\손익분기점.vcxproj", "{20AA6FF6-E595-4741-A2C5-A683CF39E413}"
EndProject
Project("{8BC9CEB8-8B4A-11D0-8D11-00A0C91BC942}") = "두 수 비교", "두 수 비교\두 수 비교.vcxproj", "{957C0464-48B1-40CC-9B4A-384D777FD723}"
EndProject
Project("{8BC9CEB8-8B4A-11D0-8D11-00A0C91BC942}") = "TV 크기", "TV 크기\TV 크기.vcxproj", "{9FB285F1-FE56-4BC8-B664-ADC8730B1ACC}"
EndProject
Project("{8BC9CEB8-8B4A-11D0-8D11-00A0C91BC942}") = "8진수 2진수_미결", "8진수 2진수_미결\8진수 2진수_미결.vcxproj", "{D4E3A1D1-0216-4471-84B0-73AAD28B57F3}"
EndProject
Project("{8BC9CEB8-8B4A-11D0-8D11-00A0C91BC942}") = "A나누기B", "A나누기B\A나누기B.vcxproj", "{8A374E08-D0A0-4AC8-8C10-730E168C7377}"
EndProject
Project("{8BC9CEB8-8B4A-11D0-8D11-00A0C91BC942}") = "시험점수", "시험점수\시험점수.vcxproj", "{A15EC8A7-3099-446E-9C7B-55B5E251DDC4}"
EndProject
Project("{8BC9CEB8-8B4A-11D0-8D11-00A0C91BC942}") = "Contest Timing", "Contest Timing\Contest Timing.vcxproj", "{249B21E0-B81C-4DDE-A61D-B73DF93127C0}"
EndProject
Project("{8BC9CEB8-8B4A-11D0-8D11-00A0C91BC942}") = "Speed fines are not fine!", "Speed fines are not fine!\Speed fines are not fine!.vcxproj", "{533DD843-D326-4E97-A509-2E2BE943F096}"
EndProject
Project("{8BC9CEB8-8B4A-11D0-8D11-00A0C91BC942}") = "Sounds fishy!", "Sounds fishy!\Sounds fishy!.vcxproj", "{7E127BF6-1716-4D4A-B798-080E9816170E}"
EndProject
Project("{8BC9CEB8-8B4A-11D0-8D11-00A0C91BC942}") = "Don’t pass me the ball!", "Don’t pass me the ball!\Don’t pass me the ball!.vcxproj", "{0A091654-C414-4D4A-9A8A-04B9C366A3D6}"
EndProject
Project("{8BC9CEB8-8B4A-11D0-8D11-00A0C91BC942}") = "Which Alien", "Which Alien\Which Alien.vcxproj", "{825F6EB3-0628-4DE6-B1EE-036365E50BF3}"
EndProject
Project("{8BC9CEB8-8B4A-11D0-8D11-00A0C91BC942}") = "시험 성적", "시험 성적\시험 성적.vcxproj", "{6A940851-A670-44D6-8D88-0EB67D72FD32}"
EndProject
Project("{8BC9CEB8-8B4A-11D0-8D11-00A0C91BC942}") = "Beautiful Yekaterinburg", "Beautiful Yekaterinburg\Beautiful Yekaterinburg.vcxproj", "{B6CC4B47-BE0F-43C4-9CCC-EC720BF22A06}"
EndProject
Project("{8BC9CEB8-8B4A-11D0-8D11-00A0C91BC942}") = "평균 점수", "평균 점수\평균 점수.vcxproj", "{95912FB3-E51F-453C-A876-9F3B8C5C9FFB}"
EndProject
Project("{8BC9CEB8-8B4A-11D0-8D11-00A0C91BC942}") = "삼각형 외우기", "삼각형 외우기\삼각형 외우기.vcxproj", "{5E65AF67-78DA-403B-87FE-C87A6B55A3CB}"
EndProject
Global
	GlobalSection(SolutionConfigurationPlatforms) = preSolution
		Debug|x64 = Debug|x64
		Debug|x86 = Debug|x86
		Release|x64 = Release|x64
		Release|x86 = Release|x86
	EndGlobalSection
	GlobalSection(ProjectConfigurationPlatforms) = postSolution
		{ED0877E6-A47E-4F9A-A478-82E876FC4550}.Debug|x64.ActiveCfg = Debug|x64
		{ED0877E6-A47E-4F9A-A478-82E876FC4550}.Debug|x64.Build.0 = Debug|x64
		{ED0877E6-A47E-4F9A-A478-82E876FC4550}.Debug|x86.ActiveCfg = Debug|Win32
		{ED0877E6-A47E-4F9A-A478-82E876FC4550}.Debug|x86.Build.0 = Debug|Win32
		{ED0877E6-A47E-4F9A-A478-82E876FC4550}.Release|x64.ActiveCfg = Release|x64
		{ED0877E6-A47E-4F9A-A478-82E876FC4550}.Release|x64.Build.0 = Release|x64
		{ED0877E6-A47E-4F9A-A478-82E876FC4550}.Release|x86.ActiveCfg = Release|Win32
		{ED0877E6-A47E-4F9A-A478-82E876FC4550}.Release|x86.Build.0 = Release|Win32
		{AD3531AB-3EF7-4522-BD75-C1C4F63976AD}.Debug|x64.ActiveCfg = Debug|x64
		{AD3531AB-3EF7-4522-BD75-C1C4F63976AD}.Debug|x64.Build.0 = Debug|x64
		{AD3531AB-3EF7-4522-BD75-C1C4F63976AD}.Debug|x86.ActiveCfg = Debug|Win32
		{AD3531AB-3EF7-4522-BD75-C1C4F63976AD}.Debug|x86.Build.0 = Debug|Win32
		{AD3531AB-3EF7-4522-BD75-C1C4F63976AD}.Release|x64.ActiveCfg = Release|x64
		{AD3531AB-3EF7-4522-BD75-C1C4F63976AD}.Release|x64.Build.0 = Release|x64
		{AD3531AB-3EF7-4522-BD75-C1C4F63976AD}.Release|x86.ActiveCfg = Release|Win32
		{AD3531AB-3EF7-4522-BD75-C1C4F63976AD}.Release|x86.Build.0 = Release|Win32
		{27EE4C81-F694-43F4-8CE7-9768FA981758}.Debug|x64.ActiveCfg = Debug|x64
		{27EE4C81-F694-43F4-8CE7-9768FA981758}.Debug|x64.Build.0 = Debug|x64
		{27EE4C81-F694-43F4-8CE7-9768FA981758}.Debug|x86.ActiveCfg = Debug|Win32
		{27EE4C81-F694-43F4-8CE7-9768FA981758}.Debug|x86.Build.0 = Debug|Win32
		{27EE4C81-F694-43F4-8CE7-9768FA981758}.Release|x64.ActiveCfg = Release|x64
		{27EE4C81-F694-43F4-8CE7-9768FA981758}.Release|x64.Build.0 = Release|x64
		{27EE4C81-F694-43F4-8CE7-9768FA981758}.Release|x86.ActiveCfg = Release|Win32
		{27EE4C81-F694-43F4-8CE7-9768FA981758}.Release|x86.Build.0 = Release|Win32
		{0D47D425-F5D6-4AD2-8002-F8220315E138}.Debug|x64.ActiveCfg = Debug|x64
		{0D47D425-F5D6-4AD2-8002-F8220315E138}.Debug|x64.Build.0 = Debug|x64
		{0D47D425-F5D6-4AD2-8002-F8220315E138}.Debug|x86.ActiveCfg = Debug|Win32
		{0D47D425-F5D6-4AD2-8002-F8220315E138}.Debug|x86.Build.0 = Debug|Win32
		{0D47D425-F5D6-4AD2-8002-F8220315E138}.Release|x64.ActiveCfg = Release|x64
		{0D47D425-F5D6-4AD2-8002-F8220315E138}.Release|x64.Build.0 = Release|x64
		{0D47D425-F5D6-4AD2-8002-F8220315E138}.Release|x86.ActiveCfg = Release|Win32
		{0D47D425-F5D6-4AD2-8002-F8220315E138}.Release|x86.Build.0 = Release|Win32
		{45D5CCB9-A826-4948-896B-DCEFF8CBAFFB}.Debug|x64.ActiveCfg = Debug|x64
		{45D5CCB9-A826-4948-896B-DCEFF8CBAFFB}.Debug|x64.Build.0 = Debug|x64
		{45D5CCB9-A826-4948-896B-DCEFF8CBAFFB}.Debug|x86.ActiveCfg = Debug|Win32
		{45D5CCB9-A826-4948-896B-DCEFF8CBAFFB}.Debug|x86.Build.0 = Debug|Win32
		{45D5CCB9-A826-4948-896B-DCEFF8CBAFFB}.Release|x64.ActiveCfg = Release|x64
		{45D5CCB9-A826-4948-896B-DCEFF8CBAFFB}.Release|x64.Build.0 = Release|x64
		{45D5CCB9-A826-4948-896B-DCEFF8CBAFFB}.Release|x86.ActiveCfg = Release|Win32
		{45D5CCB9-A826-4948-896B-DCEFF8CBAFFB}.Release|x86.Build.0 = Release|Win32
		{1F8FD301-9575-493B-82F8-49E26066C36E}.Debug|x64.ActiveCfg = Debug|x64
		{1F8FD301-9575-493B-82F8-49E26066C36E}.Debug|x64.Build.0 = Debug|x64
		{1F8FD301-9575-493B-82F8-49E26066C36E}.Debug|x86.ActiveCfg = Debug|Win32
		{1F8FD301-9575-493B-82F8-49E26066C36E}.Debug|x86.Build.0 = Debug|Win32
		{1F8FD301-9575-493B-82F8-49E26066C36E}.Release|x64.ActiveCfg = Release|x64
		{1F8FD301-9575-493B-82F8-49E26066C36E}.Release|x64.Build.0 = Release|x64
		{1F8FD301-9575-493B-82F8-49E26066C36E}.Release|x86.ActiveCfg = Release|Win32
		{1F8FD301-9575-493B-82F8-49E26066C36E}.Release|x86.Build.0 = Release|Win32
		{6E830D06-A43D-4B56-9E11-2E62E7848684}.Debug|x64.ActiveCfg = Debug|x64
		{6E830D06-A43D-4B56-9E11-2E62E7848684}.Debug|x64.Build.0 = Debug|x64
		{6E830D06-A43D-4B56-9E11-2E62E7848684}.Debug|x86.ActiveCfg = Debug|Win32
		{6E830D06-A43D-4B56-9E11-2E62E7848684}.Debug|x86.Build.0 = Debug|Win32
		{6E830D06-A43D-4B56-9E11-2E62E7848684}.Release|x64.ActiveCfg = Release|x64
		{6E830D06-A43D-4B56-9E11-2E62E7848684}.Release|x64.Build.0 = Release|x64
		{6E830D06-A43D-4B56-9E11-2E62E7848684}.Release|x86.ActiveCfg = Release|Win32
		{6E830D06-A43D-4B56-9E11-2E62E7848684}.Release|x86.Build.0 = Release|Win32
		{6D49A3CE-9D5B-4900-9A0C-C834A2398108}.Debug|x64.ActiveCfg = Debug|x64
		{6D49A3CE-9D5B-4900-9A0C-C834A2398108}.Debug|x64.Build.0 = Debug|x64
		{6D49A3CE-9D5B-4900-9A0C-C834A2398108}.Debug|x86.ActiveCfg = Debug|Win32
		{6D49A3CE-9D5B-4900-9A0C-C834A2398108}.Debug|x86.Build.0 = Debug|Win32
		{6D49A3CE-9D5B-4900-9A0C-C834A2398108}.Release|x64.ActiveCfg = Release|x64
		{6D49A3CE-9D5B-4900-9A0C-C834A2398108}.Release|x64.Build.0 = Release|x64
		{6D49A3CE-9D5B-4900-9A0C-C834A2398108}.Release|x86.ActiveCfg = Release|Win32
		{6D49A3CE-9D5B-4900-9A0C-C834A2398108}.Release|x86.Build.0 = Release|Win32
		{B382954B-AEBB-44E4-A99B-4AB3C3A2B24A}.Debug|x64.ActiveCfg = Debug|x64
		{B382954B-AEBB-44E4-A99B-4AB3C3A2B24A}.Debug|x64.Build.0 = Debug|x64
		{B382954B-AEBB-44E4-A99B-4AB3C3A2B24A}.Debug|x86.ActiveCfg = Debug|Win32
		{B382954B-AEBB-44E4-A99B-4AB3C3A2B24A}.Debug|x86.Build.0 = Debug|Win32
		{B382954B-AEBB-44E4-A99B-4AB3C3A2B24A}.Release|x64.ActiveCfg = Release|x64
		{B382954B-AEBB-44E4-A99B-4AB3C3A2B24A}.Release|x64.Build.0 = Release|x64
		{B382954B-AEBB-44E4-A99B-4AB3C3A2B24A}.Release|x86.ActiveCfg = Release|Win32
		{B382954B-AEBB-44E4-A99B-4AB3C3A2B24A}.Release|x86.Build.0 = Release|Win32
		{FA8249EC-D1D9-4B70-9CB7-D3156B979798}.Debug|x64.ActiveCfg = Debug|x64
		{FA8249EC-D1D9-4B70-9CB7-D3156B979798}.Debug|x64.Build.0 = Debug|x64
		{FA8249EC-D1D9-4B70-9CB7-D3156B979798}.Debug|x86.ActiveCfg = Debug|Win32
		{FA8249EC-D1D9-4B70-9CB7-D3156B979798}.Debug|x86.Build.0 = Debug|Win32
		{FA8249EC-D1D9-4B70-9CB7-D3156B979798}.Release|x64.ActiveCfg = Release|x64
		{FA8249EC-D1D9-4B70-9CB7-D3156B979798}.Release|x64.Build.0 = Release|x64
		{FA8249EC-D1D9-4B70-9CB7-D3156B979798}.Release|x86.ActiveCfg = Release|Win32
		{FA8249EC-D1D9-4B70-9CB7-D3156B979798}.Release|x86.Build.0 = Release|Win32
		{686DD831-1C86-4AAD-8C56-752EE9F524E1}.Debug|x64.ActiveCfg = Debug|x64
		{686DD831-1C86-4AAD-8C56-752EE9F524E1}.Debug|x64.Build.0 = Debug|x64
		{686DD831-1C86-4AAD-8C56-752EE9F524E1}.Debug|x86.ActiveCfg = Debug|Win32
		{686DD831-1C86-4AAD-8C56-752EE9F524E1}.Debug|x86.Build.0 = Debug|Win32
		{686DD831-1C86-4AAD-8C56-752EE9F524E1}.Release|x64.ActiveCfg = Release|x64
		{686DD831-1C86-4AAD-8C56-752EE9F524E1}.Release|x64.Build.0 = Release|x64
		{686DD831-1C86-4AAD-8C56-752EE9F524E1}.Release|x86.ActiveCfg = Release|Win32
		{686DD831-1C86-4AAD-8C56-752EE9F524E1}.Release|x86.Build.0 = Release|Win32
		{50C82550-3DED-4FD9-B4E5-A927211201A8}.Debug|x64.ActiveCfg = Debug|x64
		{50C82550-3DED-4FD9-B4E5-A927211201A8}.Debug|x64.Build.0 = Debug|x64
		{50C82550-3DED-4FD9-B4E5-A927211201A8}.Debug|x86.ActiveCfg = Debug|Win32
		{50C82550-3DED-4FD9-B4E5-A927211201A8}.Debug|x86.Build.0 = Debug|Win32
		{50C82550-3DED-4FD9-B4E5-A927211201A8}.Release|x64.ActiveCfg = Release|x64
		{50C82550-3DED-4FD9-B4E5-A927211201A8}.Release|x64.Build.0 = Release|x64
		{50C82550-3DED-4FD9-B4E5-A927211201A8}.Release|x86.ActiveCfg = Release|Win32
		{50C82550-3DED-4FD9-B4E5-A927211201A8}.Release|x86.Build.0 = Release|Win32
		{EE6C5024-D4C0-4FCD-AB90-60B8B45D233C}.Debug|x64.ActiveCfg = Debug|x64
		{EE6C5024-D4C0-4FCD-AB90-60B8B45D233C}.Debug|x64.Build.0 = Debug|x64
		{EE6C5024-D4C0-4FCD-AB90-60B8B45D233C}.Debug|x86.ActiveCfg = Debug|Win32
		{EE6C5024-D4C0-4FCD-AB90-60B8B45D233C}.Debug|x86.Build.0 = Debug|Win32
		{EE6C5024-D4C0-4FCD-AB90-60B8B45D233C}.Release|x64.ActiveCfg = Release|x64
		{EE6C5024-D4C0-4FCD-AB90-60B8B45D233C}.Release|x64.Build.0 = Release|x64
		{EE6C5024-D4C0-4FCD-AB90-60B8B45D233C}.Release|x86.ActiveCfg = Release|Win32
		{EE6C5024-D4C0-4FCD-AB90-60B8B45D233C}.Release|x86.Build.0 = Release|Win32
		{20AA6FF6-E595-4741-A2C5-A683CF39E413}.Debug|x64.ActiveCfg = Debug|x64
		{20AA6FF6-E595-4741-A2C5-A683CF39E413}.Debug|x64.Build.0 = Debug|x64
		{20AA6FF6-E595-4741-A2C5-A683CF39E413}.Debug|x86.ActiveCfg = Debug|Win32
		{20AA6FF6-E595-4741-A2C5-A683CF39E413}.Debug|x86.Build.0 = Debug|Win32
		{20AA6FF6-E595-4741-A2C5-A683CF39E413}.Release|x64.ActiveCfg = Release|x64
		{20AA6FF6-E595-4741-A2C5-A683CF39E413}.Release|x64.Build.0 = Release|x64
		{20AA6FF6-E595-4741-A2C5-A683CF39E413}.Release|x86.ActiveCfg = Release|Win32
		{20AA6FF6-E595-4741-A2C5-A683CF39E413}.Release|x86.Build.0 = Release|Win32
		{957C0464-48B1-40CC-9B4A-384D777FD723}.Debug|x64.ActiveCfg = Debug|x64
		{957C0464-48B1-40CC-9B4A-384D777FD723}.Debug|x64.Build.0 = Debug|x64
		{957C0464-48B1-40CC-9B4A-384D777FD723}.Debug|x86.ActiveCfg = Debug|Win32
		{957C0464-48B1-40CC-9B4A-384D777FD723}.Debug|x86.Build.0 = Debug|Win32
		{957C0464-48B1-40CC-9B4A-384D777FD723}.Release|x64.ActiveCfg = Release|x64
		{957C0464-48B1-40CC-9B4A-384D777FD723}.Release|x64.Build.0 = Release|x64
		{957C0464-48B1-40CC-9B4A-384D777FD723}.Release|x86.ActiveCfg = Release|Win32
		{957C0464-48B1-40CC-9B4A-384D777FD723}.Release|x86.Build.0 = Release|Win32
		{9FB285F1-FE56-4BC8-B664-ADC8730B1ACC}.Debug|x64.ActiveCfg = Debug|x64
		{9FB285F1-FE56-4BC8-B664-ADC8730B1ACC}.Debug|x64.Build.0 = Debug|x64
		{9FB285F1-FE56-4BC8-B664-ADC8730B1ACC}.Debug|x86.ActiveCfg = Debug|Win32
		{9FB285F1-FE56-4BC8-B664-ADC8730B1ACC}.Debug|x86.Build.0 = Debug|Win32
		{9FB285F1-FE56-4BC8-B664-ADC8730B1ACC}.Release|x64.ActiveCfg = Release|x64
		{9FB285F1-FE56-4BC8-B664-ADC8730B1ACC}.Release|x64.Build.0 = Release|x64
		{9FB285F1-FE56-4BC8-B664-ADC8730B1ACC}.Release|x86.ActiveCfg = Release|Win32
		{9FB285F1-FE56-4BC8-B664-ADC8730B1ACC}.Release|x86.Build.0 = Release|Win32
		{D4E3A1D1-0216-4471-84B0-73AAD28B57F3}.Debug|x64.ActiveCfg = Debug|x64
		{D4E3A1D1-0216-4471-84B0-73AAD28B57F3}.Debug|x64.Build.0 = Debug|x64
		{D4E3A1D1-0216-4471-84B0-73AAD28B57F3}.Debug|x86.ActiveCfg = Debug|Win32
		{D4E3A1D1-0216-4471-84B0-73AAD28B57F3}.Debug|x86.Build.0 = Debug|Win32
		{D4E3A1D1-0216-4471-84B0-73AAD28B57F3}.Release|x64.ActiveCfg = Release|x64
		{D4E3A1D1-0216-4471-84B0-73AAD28B57F3}.Release|x64.Build.0 = Release|x64
		{D4E3A1D1-0216-4471-84B0-73AAD28B57F3}.Release|x86.ActiveCfg = Release|Win32
		{D4E3A1D1-0216-4471-84B0-73AAD28B57F3}.Release|x86.Build.0 = Release|Win32
		{8A374E08-D0A0-4AC8-8C10-730E168C7377}.Debug|x64.ActiveCfg = Debug|x64
		{8A374E08-D0A0-4AC8-8C10-730E168C7377}.Debug|x64.Build.0 = Debug|x64
		{8A374E08-D0A0-4AC8-8C10-730E168C7377}.Debug|x86.ActiveCfg = Debug|Win32
		{8A374E08-D0A0-4AC8-8C10-730E168C7377}.Debug|x86.Build.0 = Debug|Win32
		{8A374E08-D0A0-4AC8-8C10-730E168C7377}.Release|x64.ActiveCfg = Release|x64
		{8A374E08-D0A0-4AC8-8C10-730E168C7377}.Release|x64.Build.0 = Release|x64
		{8A374E08-D0A0-4AC8-8C10-730E168C7377}.Release|x86.ActiveCfg = Release|Win32
		{8A374E08-D0A0-4AC8-8C10-730E168C7377}.Release|x86.Build.0 = Release|Win32
		{A15EC8A7-3099-446E-9C7B-55B5E251DDC4}.Debug|x64.ActiveCfg = Debug|x64
		{A15EC8A7-3099-446E-9C7B-55B5E251DDC4}.Debug|x64.Build.0 = Debug|x64
		{A15EC8A7-3099-446E-9C7B-55B5E251DDC4}.Debug|x86.ActiveCfg = Debug|Win32
		{A15EC8A7-3099-446E-9C7B-55B5E251DDC4}.Debug|x86.Build.0 = Debug|Win32
		{A15EC8A7-3099-446E-9C7B-55B5E251DDC4}.Release|x64.ActiveCfg = Release|x64
		{A15EC8A7-3099-446E-9C7B-55B5E251DDC4}.Release|x64.Build.0 = Release|x64
		{A15EC8A7-3099-446E-9C7B-55B5E251DDC4}.Release|x86.ActiveCfg = Release|Win32
		{A15EC8A7-3099-446E-9C7B-55B5E251DDC4}.Release|x86.Build.0 = Release|Win32
		{249B21E0-B81C-4DDE-A61D-B73DF93127C0}.Debug|x64.ActiveCfg = Debug|x64
		{249B21E0-B81C-4DDE-A61D-B73DF93127C0}.Debug|x64.Build.0 = Debug|x64
		{249B21E0-B81C-4DDE-A61D-B73DF93127C0}.Debug|x86.ActiveCfg = Debug|Win32
		{249B21E0-B81C-4DDE-A61D-B73DF93127C0}.Debug|x86.Build.0 = Debug|Win32
		{249B21E0-B81C-4DDE-A61D-B73DF93127C0}.Release|x64.ActiveCfg = Release|x64
		{249B21E0-B81C-4DDE-A61D-B73DF93127C0}.Release|x64.Build.0 = Release|x64
		{249B21E0-B81C-4DDE-A61D-B73DF93127C0}.Release|x86.ActiveCfg = Release|Win32
		{249B21E0-B81C-4DDE-A61D-B73DF93127C0}.Release|x86.Build.0 = Release|Win32
		{533DD843-D326-4E97-A509-2E2BE943F096}.Debug|x64.ActiveCfg = Debug|x64
		{533DD843-D326-4E97-A509-2E2BE943F096}.Debug|x64.Build.0 = Debug|x64
		{533DD843-D326-4E97-A509-2E2BE943F096}.Debug|x86.ActiveCfg = Debug|Win32
		{533DD843-D326-4E97-A509-2E2BE943F096}.Debug|x86.Build.0 = Debug|Win32
		{533DD843-D326-4E97-A509-2E2BE943F096}.Release|x64.ActiveCfg = Release|x64
		{533DD843-D326-4E97-A509-2E2BE943F096}.Release|x64.Build.0 = Release|x64
		{533DD843-D326-4E97-A509-2E2BE943F096}.Release|x86.ActiveCfg = Release|Win32
		{533DD843-D326-4E97-A509-2E2BE943F096}.Release|x86.Build.0 = Release|Win32
		{7E127BF6-1716-4D4A-B798-080E9816170E}.Debug|x64.ActiveCfg = Debug|x64
		{7E127BF6-1716-4D4A-B798-080E9816170E}.Debug|x64.Build.0 = Debug|x64
		{7E127BF6-1716-4D4A-B798-080E9816170E}.Debug|x86.ActiveCfg = Debug|Win32
		{7E127BF6-1716-4D4A-B798-080E9816170E}.Debug|x86.Build.0 = Debug|Win32
		{7E127BF6-1716-4D4A-B798-080E9816170E}.Release|x64.ActiveCfg = Release|x64
		{7E127BF6-1716-4D4A-B798-080E9816170E}.Release|x64.Build.0 = Release|x64
		{7E127BF6-1716-4D4A-B798-080E9816170E}.Release|x86.ActiveCfg = Release|Win32
		{7E127BF6-1716-4D4A-B798-080E9816170E}.Release|x86.Build.0 = Release|Win32
		{0A091654-C414-4D4A-9A8A-04B9C366A3D6}.Debug|x64.ActiveCfg = Debug|x64
		{0A091654-C414-4D4A-9A8A-04B9C366A3D6}.Debug|x64.Build.0 = Debug|x64
		{0A091654-C414-4D4A-9A8A-04B9C366A3D6}.Debug|x86.ActiveCfg = Debug|Win32
		{0A091654-C414-4D4A-9A8A-04B9C366A3D6}.Debug|x86.Build.0 = Debug|Win32
		{0A091654-C414-4D4A-9A8A-04B9C366A3D6}.Release|x64.ActiveCfg = Release|x64
		{0A091654-C414-4D4A-9A8A-04B9C366A3D6}.Release|x64.Build.0 = Release|x64
		{0A091654-C414-4D4A-9A8A-04B9C366A3D6}.Release|x86.ActiveCfg = Release|Win32
		{0A091654-C414-4D4A-9A8A-04B9C366A3D6}.Release|x86.Build.0 = Release|Win32
		{825F6EB3-0628-4DE6-B1EE-036365E50BF3}.Debug|x64.ActiveCfg = Debug|x64
		{825F6EB3-0628-4DE6-B1EE-036365E50BF3}.Debug|x64.Build.0 = Debug|x64
		{825F6EB3-0628-4DE6-B1EE-036365E50BF3}.Debug|x86.ActiveCfg = Debug|Win32
		{825F6EB3-0628-4DE6-B1EE-036365E50BF3}.Debug|x86.Build.0 = Debug|Win32
		{825F6EB3-0628-4DE6-B1EE-036365E50BF3}.Release|x64.ActiveCfg = Release|x64
		{825F6EB3-0628-4DE6-B1EE-036365E50BF3}.Release|x64.Build.0 = Release|x64
		{825F6EB3-0628-4DE6-B1EE-036365E50BF3}.Release|x86.ActiveCfg = Release|Win32
		{825F6EB3-0628-4DE6-B1EE-036365E50BF3}.Release|x86.Build.0 = Release|Win32
		{6A940851-A670-44D6-8D88-0EB67D72FD32}.Debug|x64.ActiveCfg = Debug|x64
		{6A940851-A670-44D6-8D88-0EB67D72FD32}.Debug|x64.Build.0 = Debug|x64
		{6A940851-A670-44D6-8D88-0EB67D72FD32}.Debug|x86.ActiveCfg = Debug|Win32
		{6A940851-A670-44D6-8D88-0EB67D72FD32}.Debug|x86.Build.0 = Debug|Win32
		{6A940851-A670-44D6-8D88-0EB67D72FD32}.Release|x64.ActiveCfg = Release|x64
		{6A940851-A670-44D6-8D88-0EB67D72FD32}.Release|x64.Build.0 = Release|x64
		{6A940851-A670-44D6-8D88-0EB67D72FD32}.Release|x86.ActiveCfg = Release|Win32
		{6A940851-A670-44D6-8D88-0EB67D72FD32}.Release|x86.Build.0 = Release|Win32
		{B6CC4B47-BE0F-43C4-9CCC-EC720BF22A06}.Debug|x64.ActiveCfg = Debug|x64
		{B6CC4B47-BE0F-43C4-9CCC-EC720BF22A06}.Debug|x64.Build.0 = Debug|x64
		{B6CC4B47-BE0F-43C4-9CCC-EC720BF22A06}.Debug|x86.ActiveCfg = Debug|Win32
		{B6CC4B47-BE0F-43C4-9CCC-EC720BF22A06}.Debug|x86.Build.0 = Debug|Win32
		{B6CC4B47-BE0F-43C4-9CCC-EC720BF22A06}.Release|x64.ActiveCfg = Release|x64
		{B6CC4B47-BE0F-43C4-9CCC-EC720BF22A06}.Release|x64.Build.0 = Release|x64
		{B6CC4B47-BE0F-43C4-9CCC-EC720BF22A06}.Release|x86.ActiveCfg = Release|Win32
		{B6CC4B47-BE0F-43C4-9CCC-EC720BF22A06}.Release|x86.Build.0 = Release|Win32
		{95912FB3-E51F-453C-A876-9F3B8C5C9FFB}.Debug|x64.ActiveCfg = Debug|x64
		{95912FB3-E51F-453C-A876-9F3B8C5C9FFB}.Debug|x64.Build.0 = Debug|x64
		{95912FB3-E51F-453C-A876-9F3B8C5C9FFB}.Debug|x86.ActiveCfg = Debug|Win32
		{95912FB3-E51F-453C-A876-9F3B8C5C9FFB}.Debug|x86.Build.0 = Debug|Win32
		{95912FB3-E51F-453C-A876-9F3B8C5C9FFB}.Release|x64.ActiveCfg = Release|x64
		{95912FB3-E51F-453C-A876-9F3B8C5C9FFB}.Release|x64.Build.0 = Release|x64
		{95912FB3-E51F-453C-A876-9F3B8C5C9FFB}.Release|x86.ActiveCfg = Release|Win32
		{95912FB3-E51F-453C-A876-9F3B8C5C9FFB}.Release|x86.Build.0 = Release|Win32
		{5E65AF67-78DA-403B-87FE-C87A6B55A3CB}.Debug|x64.ActiveCfg = Debug|x64
		{5E65AF67-78DA-403B-87FE-C87A6B55A3CB}.Debug|x64.Build.0 = Debug|x64
		{5E65AF67-78DA-403B-87FE-C87A6B55A3CB}.Debug|x86.ActiveCfg = Debug|Win32
		{5E65AF67-78DA-403B-87FE-C87A6B55A3CB}.Debug|x86.Build.0 = Debug|Win32
		{5E65AF67-78DA-403B-87FE-C87A6B55A3CB}.Release|x64.ActiveCfg = Release|x64
		{5E65AF67-78DA-403B-87FE-C87A6B55A3CB}.Release|x64.Build.0 = Release|x64
		{5E65AF67-78DA-403B-87FE-C87A6B55A3CB}.Release|x86.ActiveCfg = Release|Win32
		{5E65AF67-78DA-403B-87FE-C87A6B55A3CB}.Release|x86.Build.0 = Release|Win32
	EndGlobalSection
	GlobalSection(SolutionProperties) = preSolution
		HideSolutionNode = FALSE
	EndGlobalSection
	GlobalSection(ExtensibilityGlobals) = postSolution
		SolutionGuid = {7D104B2E-E5ED-46D3-BBA5-E200D908EE2B}
	EndGlobalSection
EndGlobal
