
Microsoft Visual Studio Solution File, Format Version 12.00
# Visual Studio Version 16
VisualStudioVersion = 16.0.30611.23
MinimumVisualStudioVersion = 10.0.40219.1
Project("{8BC9CEB8-8B4A-11D0-8D11-00A0C91BC942}") = "a+b", "a+b\a+b.vcxproj", "{A640B23A-49A2-465B-8E45-D9CD8AB89D9A}"
EndProject
Project("{8BC9CEB8-8B4A-11D0-8D11-00A0C91BC942}") = "a-b", "a-b\a-b.vcxproj", "{3CD57F67-675A-4964-AB3D-D4984F9F899E}"
EndProject
Project("{8BC9CEB8-8B4A-11D0-8D11-00A0C91BC942}") = "엄청난부자2-미결", "엄청난부자2\엄청난부자2.vcxproj", "{147F592F-0A89-443F-A2D8-8A3B902034D1}"
EndProject
Project("{8BC9CEB8-8B4A-11D0-8D11-00A0C91BC942}") = "16진수", "16진수\16진수.vcxproj", "{9984A910-3AD5-4300-AED8-7C7A96BD04E5}"
EndProject
Project("{8BC9CEB8-8B4A-11D0-8D11-00A0C91BC942}") = "긴자리 계산-미결", "긴자리 계산\긴자리 계산.vcxproj", "{3AB6B33E-83D0-4971-A187-BEB5CEEBB12E}"
EndProject
Project("{8BC9CEB8-8B4A-11D0-8D11-00A0C91BC942}") = "검증수", "검증수\검증수.vcxproj", "{39ECB350-911D-4D49-9157-8C5C0D374076}"
EndProject
Project("{8BC9CEB8-8B4A-11D0-8D11-00A0C91BC942}") = "A+B -2", "A+B -2\A+B -2.vcxproj", "{94DC5C61-7730-458F-B637-3228E9EA261C}"
EndProject
Project("{8BC9CEB8-8B4A-11D0-8D11-00A0C91BC942}") = "파티가 끝나고 난 뒤", "파티가 끝나고 난 뒤\파티가 끝나고 난 뒤.vcxproj", "{EACCE5C7-8027-4E0F-89E5-069480A09342}"
EndProject
Project("{8BC9CEB8-8B4A-11D0-8D11-00A0C91BC942}") = "저작권", "저작권\저작권.vcxproj", "{F1A61F79-447E-49F5-A801-647973C230F6}"
EndProject
Project("{8BC9CEB8-8B4A-11D0-8D11-00A0C91BC942}") = "킹, 퀸, 룩, 비숍, 나이트, 폰", "킹, 퀸, 룩, 비숍, 나이트, 폰\킹, 퀸, 룩, 비숍, 나이트, 폰.vcxproj", "{CDB61438-8078-4297-A222-27A208A95D8D}"
EndProject
Project("{8BC9CEB8-8B4A-11D0-8D11-00A0C91BC942}") = "R2", "R2\R2.vcxproj", "{A5C36344-3C83-4F05-9452-B289A9AEB4F1}"
EndProject
Project("{8BC9CEB8-8B4A-11D0-8D11-00A0C91BC942}") = "웰컴", "웰컴\웰컴.vcxproj", "{9E8E4297-C2E0-45CC-AF72-FEC3BC74FF5B}"
EndProject
Project("{8BC9CEB8-8B4A-11D0-8D11-00A0C91BC942}") = "마이크로소프트 로고", "마이크로소프트 로고\마이크로소프트 로고.vcxproj", "{5EEA5620-4F75-454C-A328-4AC32F40D524}"
EndProject
Project("{8BC9CEB8-8B4A-11D0-8D11-00A0C91BC942}") = "콜센터", "콜센터\콜센터.vcxproj", "{4D05B8E6-08F7-4197-9FAB-DAED65106DCA}"
EndProject
Project("{8BC9CEB8-8B4A-11D0-8D11-00A0C91BC942}") = "카드 게임", "카드 게임\카드 게임.vcxproj", "{0DD5F146-D6F3-42EE-A2E6-C6549B58E80C}"
EndProject
Project("{8BC9CEB8-8B4A-11D0-8D11-00A0C91BC942}") = "심부름 가는 길", "심부름 가는 길\심부름 가는 길.vcxproj", "{64CB1409-3F88-49D4-9530-535889DCAD76}"
EndProject
Project("{8BC9CEB8-8B4A-11D0-8D11-00A0C91BC942}") = "Next in line", "Next in line\Next in line.vcxproj", "{FBC6F2B8-EE3F-4F67-84FF-4B919E0C4E5A}"
EndProject
Project("{8BC9CEB8-8B4A-11D0-8D11-00A0C91BC942}") = "등록", "등록\등록.vcxproj", "{2C173E0F-3680-4233-B033-F225121F973E}"
EndProject
Project("{8BC9CEB8-8B4A-11D0-8D11-00A0C91BC942}") = "plane", "plane\plane.vcxproj", "{AD11F1DD-BDA6-46A7-80F5-E101214CC8B1}"
EndProject
Project("{8BC9CEB8-8B4A-11D0-8D11-00A0C91BC942}") = "합", "합\합.vcxproj", "{06B63124-8D6C-4DE6-ADB5-BF0300D723F6}"
EndProject
Project("{8BC9CEB8-8B4A-11D0-8D11-00A0C91BC942}") = "스타워즈 로고", "스타워즈 로고\스타워즈 로고.vcxproj", "{5C57E068-6EA3-4734-A3C6-22842ED5E8A7}"
EndProject
Project("{8BC9CEB8-8B4A-11D0-8D11-00A0C91BC942}") = "나부 함대 데이터", "나부 함대 데이터\나부 함대 데이터.vcxproj", "{48EDA239-BCAD-4E2F-9ABD-88A0A3390B8A}"
EndProject
Project("{8BC9CEB8-8B4A-11D0-8D11-00A0C91BC942}") = "NFC West vs North", "NFC West vs North\NFC West vs North.vcxproj", "{D2AB7363-00B1-47F3-972B-02B64E895260}"
EndProject
Project("{8BC9CEB8-8B4A-11D0-8D11-00A0C91BC942}") = "나머지", "나머지\나머지.vcxproj", "{57E0729F-8A3E-4314-A51F-5B41CB8A7242}"
EndProject
Project("{8BC9CEB8-8B4A-11D0-8D11-00A0C91BC942}") = "오늘 날짜", "오늘 날짜\오늘 날짜.vcxproj", "{3B316E57-B31F-4E30-AF7A-8E976F81DDCF}"
EndProject
Project("{8BC9CEB8-8B4A-11D0-8D11-00A0C91BC942}") = "we love kriii", "we love kriii\we love kriii.vcxproj", "{32FFAC52-7694-491E-B3E1-3992C09D0A43}"
EndProject
Project("{8BC9CEB8-8B4A-11D0-8D11-00A0C91BC942}") = "사칙연산", "사칙연산\사칙연산.vcxproj", "{C2EE6F7C-8B82-4B47-8D87-D66145DB6743}"
EndProject
Project("{8BC9CEB8-8B4A-11D0-8D11-00A0C91BC942}") = "놀람", "놀람\놀람.vcxproj", "{CCDA171C-AE1D-4BF5-AF1C-B7320C956A42}"
EndProject
Project("{8BC9CEB8-8B4A-11D0-8D11-00A0C91BC942}") = "한글 2", "한글 2\한글 2.vcxproj", "{D2C27490-261E-4C6B-8509-C6F4BA3EF992}"
EndProject
Project("{8BC9CEB8-8B4A-11D0-8D11-00A0C91BC942}") = "아스키 코드", "아스키 코드\아스키 코드.vcxproj", "{8C8C16C0-6102-48AE-9165-C9BA7A9DB9AD}"
EndProject
Project("{8BC9CEB8-8B4A-11D0-8D11-00A0C91BC942}") = "나는 행복합니다~", "나는 행복합니다~\나는 행복합니다~.vcxproj", "{9B52AE85-FF0D-467B-8064-8810D934627E}"
EndProject
Project("{8BC9CEB8-8B4A-11D0-8D11-00A0C91BC942}") = "조별과제를 하려는데 조장이 사라졌다", "조별과제를 하려는데 조장이 사라졌다\조별과제를 하려는데 조장이 사라졌다.vcxproj", "{BA3B2B30-90DD-45EE-83BC-E7C865C11AC7}"
EndProject
Project("{8BC9CEB8-8B4A-11D0-8D11-00A0C91BC942}") = "타노스", "타노스\타노스.vcxproj", "{31DA827B-8E38-42D4-8274-08E3F78DEB3E}"
EndProject
Project("{8BC9CEB8-8B4A-11D0-8D11-00A0C91BC942}") = "수학은 체육과목 입니다", "수학은 체육과목 입니다\수학은 체육과목 입니다.vcxproj", "{ECFE2D85-3614-4377-B5B7-3E950271F98D}"
EndProject
Project("{8BC9CEB8-8B4A-11D0-8D11-00A0C91BC942}") = "오늘의 날짜는", "오늘의 날짜는\오늘의 날짜는.vcxproj", "{E045F9DC-92F0-4274-AE16-F7B72CE4FEE1}"
EndProject
Project("{8BC9CEB8-8B4A-11D0-8D11-00A0C91BC942}") = "홍익대학교", "홍익대학교\홍익대학교.vcxproj", "{C17CC73A-4588-495F-838F-E54F9522AD7B}"
EndProject
Project("{8BC9CEB8-8B4A-11D0-8D11-00A0C91BC942}") = "제리와 톰", "제리와 톰\제리와 톰.vcxproj", "{3077B6AC-02FD-493A-B784-43B94DD99CB1}"
EndProject
Project("{8BC9CEB8-8B4A-11D0-8D11-00A0C91BC942}") = "달달함이 넘쳐흘러", "달달함이 넘쳐흘러\달달함이 넘쳐흘러.vcxproj", "{917704CB-74EF-4D9A-B6D5-80C0CAE6A7DE}"
EndProject
Project("{8BC9CEB8-8B4A-11D0-8D11-00A0C91BC942}") = "엔드게임 스포일러", "엔드게임 스포일러\엔드게임 스포일러.vcxproj", "{D3E5DEB4-E10B-4408-8AE3-2E8A0D69A0E3}"
EndProject
Project("{8BC9CEB8-8B4A-11D0-8D11-00A0C91BC942}") = "세금", "세금\세금.vcxproj", "{95E1E4B9-213F-4C75-88B9-51D3DCC2E524}"
EndProject
Global
	GlobalSection(SolutionConfigurationPlatforms) = preSolution
		Debug|x64 = Debug|x64
		Debug|x86 = Debug|x86
		Release|x64 = Release|x64
		Release|x86 = Release|x86
	EndGlobalSection
	GlobalSection(ProjectConfigurationPlatforms) = postSolution
		{A640B23A-49A2-465B-8E45-D9CD8AB89D9A}.Debug|x64.ActiveCfg = Debug|x64
		{A640B23A-49A2-465B-8E45-D9CD8AB89D9A}.Debug|x64.Build.0 = Debug|x64
		{A640B23A-49A2-465B-8E45-D9CD8AB89D9A}.Debug|x86.ActiveCfg = Debug|Win32
		{A640B23A-49A2-465B-8E45-D9CD8AB89D9A}.Debug|x86.Build.0 = Debug|Win32
		{A640B23A-49A2-465B-8E45-D9CD8AB89D9A}.Release|x64.ActiveCfg = Release|x64
		{A640B23A-49A2-465B-8E45-D9CD8AB89D9A}.Release|x64.Build.0 = Release|x64
		{A640B23A-49A2-465B-8E45-D9CD8AB89D9A}.Release|x86.ActiveCfg = Release|Win32
		{A640B23A-49A2-465B-8E45-D9CD8AB89D9A}.Release|x86.Build.0 = Release|Win32
		{3CD57F67-675A-4964-AB3D-D4984F9F899E}.Debug|x64.ActiveCfg = Debug|x64
		{3CD57F67-675A-4964-AB3D-D4984F9F899E}.Debug|x64.Build.0 = Debug|x64
		{3CD57F67-675A-4964-AB3D-D4984F9F899E}.Debug|x86.ActiveCfg = Debug|Win32
		{3CD57F67-675A-4964-AB3D-D4984F9F899E}.Debug|x86.Build.0 = Debug|Win32
		{3CD57F67-675A-4964-AB3D-D4984F9F899E}.Release|x64.ActiveCfg = Release|x64
		{3CD57F67-675A-4964-AB3D-D4984F9F899E}.Release|x64.Build.0 = Release|x64
		{3CD57F67-675A-4964-AB3D-D4984F9F899E}.Release|x86.ActiveCfg = Release|Win32
		{3CD57F67-675A-4964-AB3D-D4984F9F899E}.Release|x86.Build.0 = Release|Win32
		{147F592F-0A89-443F-A2D8-8A3B902034D1}.Debug|x64.ActiveCfg = Debug|x64
		{147F592F-0A89-443F-A2D8-8A3B902034D1}.Debug|x64.Build.0 = Debug|x64
		{147F592F-0A89-443F-A2D8-8A3B902034D1}.Debug|x86.ActiveCfg = Debug|Win32
		{147F592F-0A89-443F-A2D8-8A3B902034D1}.Debug|x86.Build.0 = Debug|Win32
		{147F592F-0A89-443F-A2D8-8A3B902034D1}.Release|x64.ActiveCfg = Release|x64
		{147F592F-0A89-443F-A2D8-8A3B902034D1}.Release|x64.Build.0 = Release|x64
		{147F592F-0A89-443F-A2D8-8A3B902034D1}.Release|x86.ActiveCfg = Release|Win32
		{147F592F-0A89-443F-A2D8-8A3B902034D1}.Release|x86.Build.0 = Release|Win32
		{9984A910-3AD5-4300-AED8-7C7A96BD04E5}.Debug|x64.ActiveCfg = Debug|x64
		{9984A910-3AD5-4300-AED8-7C7A96BD04E5}.Debug|x64.Build.0 = Debug|x64
		{9984A910-3AD5-4300-AED8-7C7A96BD04E5}.Debug|x86.ActiveCfg = Debug|Win32
		{9984A910-3AD5-4300-AED8-7C7A96BD04E5}.Debug|x86.Build.0 = Debug|Win32
		{9984A910-3AD5-4300-AED8-7C7A96BD04E5}.Release|x64.ActiveCfg = Release|x64
		{9984A910-3AD5-4300-AED8-7C7A96BD04E5}.Release|x64.Build.0 = Release|x64
		{9984A910-3AD5-4300-AED8-7C7A96BD04E5}.Release|x86.ActiveCfg = Release|Win32
		{9984A910-3AD5-4300-AED8-7C7A96BD04E5}.Release|x86.Build.0 = Release|Win32
		{3AB6B33E-83D0-4971-A187-BEB5CEEBB12E}.Debug|x64.ActiveCfg = Debug|x64
		{3AB6B33E-83D0-4971-A187-BEB5CEEBB12E}.Debug|x64.Build.0 = Debug|x64
		{3AB6B33E-83D0-4971-A187-BEB5CEEBB12E}.Debug|x86.ActiveCfg = Debug|Win32
		{3AB6B33E-83D0-4971-A187-BEB5CEEBB12E}.Debug|x86.Build.0 = Debug|Win32
		{3AB6B33E-83D0-4971-A187-BEB5CEEBB12E}.Release|x64.ActiveCfg = Release|x64
		{3AB6B33E-83D0-4971-A187-BEB5CEEBB12E}.Release|x64.Build.0 = Release|x64
		{3AB6B33E-83D0-4971-A187-BEB5CEEBB12E}.Release|x86.ActiveCfg = Release|Win32
		{3AB6B33E-83D0-4971-A187-BEB5CEEBB12E}.Release|x86.Build.0 = Release|Win32
		{39ECB350-911D-4D49-9157-8C5C0D374076}.Debug|x64.ActiveCfg = Debug|x64
		{39ECB350-911D-4D49-9157-8C5C0D374076}.Debug|x64.Build.0 = Debug|x64
		{39ECB350-911D-4D49-9157-8C5C0D374076}.Debug|x86.ActiveCfg = Debug|Win32
		{39ECB350-911D-4D49-9157-8C5C0D374076}.Debug|x86.Build.0 = Debug|Win32
		{39ECB350-911D-4D49-9157-8C5C0D374076}.Release|x64.ActiveCfg = Release|x64
		{39ECB350-911D-4D49-9157-8C5C0D374076}.Release|x64.Build.0 = Release|x64
		{39ECB350-911D-4D49-9157-8C5C0D374076}.Release|x86.ActiveCfg = Release|Win32
		{39ECB350-911D-4D49-9157-8C5C0D374076}.Release|x86.Build.0 = Release|Win32
		{94DC5C61-7730-458F-B637-3228E9EA261C}.Debug|x64.ActiveCfg = Debug|x64
		{94DC5C61-7730-458F-B637-3228E9EA261C}.Debug|x64.Build.0 = Debug|x64
		{94DC5C61-7730-458F-B637-3228E9EA261C}.Debug|x86.ActiveCfg = Debug|Win32
		{94DC5C61-7730-458F-B637-3228E9EA261C}.Debug|x86.Build.0 = Debug|Win32
		{94DC5C61-7730-458F-B637-3228E9EA261C}.Release|x64.ActiveCfg = Release|x64
		{94DC5C61-7730-458F-B637-3228E9EA261C}.Release|x64.Build.0 = Release|x64
		{94DC5C61-7730-458F-B637-3228E9EA261C}.Release|x86.ActiveCfg = Release|Win32
		{94DC5C61-7730-458F-B637-3228E9EA261C}.Release|x86.Build.0 = Release|Win32
		{EACCE5C7-8027-4E0F-89E5-069480A09342}.Debug|x64.ActiveCfg = Debug|x64
		{EACCE5C7-8027-4E0F-89E5-069480A09342}.Debug|x64.Build.0 = Debug|x64
		{EACCE5C7-8027-4E0F-89E5-069480A09342}.Debug|x86.ActiveCfg = Debug|Win32
		{EACCE5C7-8027-4E0F-89E5-069480A09342}.Debug|x86.Build.0 = Debug|Win32
		{EACCE5C7-8027-4E0F-89E5-069480A09342}.Release|x64.ActiveCfg = Release|x64
		{EACCE5C7-8027-4E0F-89E5-069480A09342}.Release|x64.Build.0 = Release|x64
		{EACCE5C7-8027-4E0F-89E5-069480A09342}.Release|x86.ActiveCfg = Release|Win32
		{EACCE5C7-8027-4E0F-89E5-069480A09342}.Release|x86.Build.0 = Release|Win32
		{F1A61F79-447E-49F5-A801-647973C230F6}.Debug|x64.ActiveCfg = Debug|x64
		{F1A61F79-447E-49F5-A801-647973C230F6}.Debug|x64.Build.0 = Debug|x64
		{F1A61F79-447E-49F5-A801-647973C230F6}.Debug|x86.ActiveCfg = Debug|Win32
		{F1A61F79-447E-49F5-A801-647973C230F6}.Debug|x86.Build.0 = Debug|Win32
		{F1A61F79-447E-49F5-A801-647973C230F6}.Release|x64.ActiveCfg = Release|x64
		{F1A61F79-447E-49F5-A801-647973C230F6}.Release|x64.Build.0 = Release|x64
		{F1A61F79-447E-49F5-A801-647973C230F6}.Release|x86.ActiveCfg = Release|Win32
		{F1A61F79-447E-49F5-A801-647973C230F6}.Release|x86.Build.0 = Release|Win32
		{CDB61438-8078-4297-A222-27A208A95D8D}.Debug|x64.ActiveCfg = Debug|x64
		{CDB61438-8078-4297-A222-27A208A95D8D}.Debug|x64.Build.0 = Debug|x64
		{CDB61438-8078-4297-A222-27A208A95D8D}.Debug|x86.ActiveCfg = Debug|Win32
		{CDB61438-8078-4297-A222-27A208A95D8D}.Debug|x86.Build.0 = Debug|Win32
		{CDB61438-8078-4297-A222-27A208A95D8D}.Release|x64.ActiveCfg = Release|x64
		{CDB61438-8078-4297-A222-27A208A95D8D}.Release|x64.Build.0 = Release|x64
		{CDB61438-8078-4297-A222-27A208A95D8D}.Release|x86.ActiveCfg = Release|Win32
		{CDB61438-8078-4297-A222-27A208A95D8D}.Release|x86.Build.0 = Release|Win32
		{A5C36344-3C83-4F05-9452-B289A9AEB4F1}.Debug|x64.ActiveCfg = Debug|x64
		{A5C36344-3C83-4F05-9452-B289A9AEB4F1}.Debug|x64.Build.0 = Debug|x64
		{A5C36344-3C83-4F05-9452-B289A9AEB4F1}.Debug|x86.ActiveCfg = Debug|Win32
		{A5C36344-3C83-4F05-9452-B289A9AEB4F1}.Debug|x86.Build.0 = Debug|Win32
		{A5C36344-3C83-4F05-9452-B289A9AEB4F1}.Release|x64.ActiveCfg = Release|x64
		{A5C36344-3C83-4F05-9452-B289A9AEB4F1}.Release|x64.Build.0 = Release|x64
		{A5C36344-3C83-4F05-9452-B289A9AEB4F1}.Release|x86.ActiveCfg = Release|Win32
		{A5C36344-3C83-4F05-9452-B289A9AEB4F1}.Release|x86.Build.0 = Release|Win32
		{9E8E4297-C2E0-45CC-AF72-FEC3BC74FF5B}.Debug|x64.ActiveCfg = Debug|x64
		{9E8E4297-C2E0-45CC-AF72-FEC3BC74FF5B}.Debug|x64.Build.0 = Debug|x64
		{9E8E4297-C2E0-45CC-AF72-FEC3BC74FF5B}.Debug|x86.ActiveCfg = Debug|Win32
		{9E8E4297-C2E0-45CC-AF72-FEC3BC74FF5B}.Debug|x86.Build.0 = Debug|Win32
		{9E8E4297-C2E0-45CC-AF72-FEC3BC74FF5B}.Release|x64.ActiveCfg = Release|x64
		{9E8E4297-C2E0-45CC-AF72-FEC3BC74FF5B}.Release|x64.Build.0 = Release|x64
		{9E8E4297-C2E0-45CC-AF72-FEC3BC74FF5B}.Release|x86.ActiveCfg = Release|Win32
		{9E8E4297-C2E0-45CC-AF72-FEC3BC74FF5B}.Release|x86.Build.0 = Release|Win32
		{5EEA5620-4F75-454C-A328-4AC32F40D524}.Debug|x64.ActiveCfg = Debug|x64
		{5EEA5620-4F75-454C-A328-4AC32F40D524}.Debug|x64.Build.0 = Debug|x64
		{5EEA5620-4F75-454C-A328-4AC32F40D524}.Debug|x86.ActiveCfg = Debug|Win32
		{5EEA5620-4F75-454C-A328-4AC32F40D524}.Debug|x86.Build.0 = Debug|Win32
		{5EEA5620-4F75-454C-A328-4AC32F40D524}.Release|x64.ActiveCfg = Release|x64
		{5EEA5620-4F75-454C-A328-4AC32F40D524}.Release|x64.Build.0 = Release|x64
		{5EEA5620-4F75-454C-A328-4AC32F40D524}.Release|x86.ActiveCfg = Release|Win32
		{5EEA5620-4F75-454C-A328-4AC32F40D524}.Release|x86.Build.0 = Release|Win32
		{4D05B8E6-08F7-4197-9FAB-DAED65106DCA}.Debug|x64.ActiveCfg = Debug|x64
		{4D05B8E6-08F7-4197-9FAB-DAED65106DCA}.Debug|x64.Build.0 = Debug|x64
		{4D05B8E6-08F7-4197-9FAB-DAED65106DCA}.Debug|x86.ActiveCfg = Debug|Win32
		{4D05B8E6-08F7-4197-9FAB-DAED65106DCA}.Debug|x86.Build.0 = Debug|Win32
		{4D05B8E6-08F7-4197-9FAB-DAED65106DCA}.Release|x64.ActiveCfg = Release|x64
		{4D05B8E6-08F7-4197-9FAB-DAED65106DCA}.Release|x64.Build.0 = Release|x64
		{4D05B8E6-08F7-4197-9FAB-DAED65106DCA}.Release|x86.ActiveCfg = Release|Win32
		{4D05B8E6-08F7-4197-9FAB-DAED65106DCA}.Release|x86.Build.0 = Release|Win32
		{0DD5F146-D6F3-42EE-A2E6-C6549B58E80C}.Debug|x64.ActiveCfg = Debug|x64
		{0DD5F146-D6F3-42EE-A2E6-C6549B58E80C}.Debug|x64.Build.0 = Debug|x64
		{0DD5F146-D6F3-42EE-A2E6-C6549B58E80C}.Debug|x86.ActiveCfg = Debug|Win32
		{0DD5F146-D6F3-42EE-A2E6-C6549B58E80C}.Debug|x86.Build.0 = Debug|Win32
		{0DD5F146-D6F3-42EE-A2E6-C6549B58E80C}.Release|x64.ActiveCfg = Release|x64
		{0DD5F146-D6F3-42EE-A2E6-C6549B58E80C}.Release|x64.Build.0 = Release|x64
		{0DD5F146-D6F3-42EE-A2E6-C6549B58E80C}.Release|x86.ActiveCfg = Release|Win32
		{0DD5F146-D6F3-42EE-A2E6-C6549B58E80C}.Release|x86.Build.0 = Release|Win32
		{64CB1409-3F88-49D4-9530-535889DCAD76}.Debug|x64.ActiveCfg = Debug|x64
		{64CB1409-3F88-49D4-9530-535889DCAD76}.Debug|x64.Build.0 = Debug|x64
		{64CB1409-3F88-49D4-9530-535889DCAD76}.Debug|x86.ActiveCfg = Debug|Win32
		{64CB1409-3F88-49D4-9530-535889DCAD76}.Debug|x86.Build.0 = Debug|Win32
		{64CB1409-3F88-49D4-9530-535889DCAD76}.Release|x64.ActiveCfg = Release|x64
		{64CB1409-3F88-49D4-9530-535889DCAD76}.Release|x64.Build.0 = Release|x64
		{64CB1409-3F88-49D4-9530-535889DCAD76}.Release|x86.ActiveCfg = Release|Win32
		{64CB1409-3F88-49D4-9530-535889DCAD76}.Release|x86.Build.0 = Release|Win32
		{FBC6F2B8-EE3F-4F67-84FF-4B919E0C4E5A}.Debug|x64.ActiveCfg = Debug|x64
		{FBC6F2B8-EE3F-4F67-84FF-4B919E0C4E5A}.Debug|x64.Build.0 = Debug|x64
		{FBC6F2B8-EE3F-4F67-84FF-4B919E0C4E5A}.Debug|x86.ActiveCfg = Debug|Win32
		{FBC6F2B8-EE3F-4F67-84FF-4B919E0C4E5A}.Debug|x86.Build.0 = Debug|Win32
		{FBC6F2B8-EE3F-4F67-84FF-4B919E0C4E5A}.Release|x64.ActiveCfg = Release|x64
		{FBC6F2B8-EE3F-4F67-84FF-4B919E0C4E5A}.Release|x64.Build.0 = Release|x64
		{FBC6F2B8-EE3F-4F67-84FF-4B919E0C4E5A}.Release|x86.ActiveCfg = Release|Win32
		{FBC6F2B8-EE3F-4F67-84FF-4B919E0C4E5A}.Release|x86.Build.0 = Release|Win32
		{2C173E0F-3680-4233-B033-F225121F973E}.Debug|x64.ActiveCfg = Debug|x64
		{2C173E0F-3680-4233-B033-F225121F973E}.Debug|x64.Build.0 = Debug|x64
		{2C173E0F-3680-4233-B033-F225121F973E}.Debug|x86.ActiveCfg = Debug|Win32
		{2C173E0F-3680-4233-B033-F225121F973E}.Debug|x86.Build.0 = Debug|Win32
		{2C173E0F-3680-4233-B033-F225121F973E}.Release|x64.ActiveCfg = Release|x64
		{2C173E0F-3680-4233-B033-F225121F973E}.Release|x64.Build.0 = Release|x64
		{2C173E0F-3680-4233-B033-F225121F973E}.Release|x86.ActiveCfg = Release|Win32
		{2C173E0F-3680-4233-B033-F225121F973E}.Release|x86.Build.0 = Release|Win32
		{AD11F1DD-BDA6-46A7-80F5-E101214CC8B1}.Debug|x64.ActiveCfg = Debug|x64
		{AD11F1DD-BDA6-46A7-80F5-E101214CC8B1}.Debug|x64.Build.0 = Debug|x64
		{AD11F1DD-BDA6-46A7-80F5-E101214CC8B1}.Debug|x86.ActiveCfg = Debug|Win32
		{AD11F1DD-BDA6-46A7-80F5-E101214CC8B1}.Debug|x86.Build.0 = Debug|Win32
		{AD11F1DD-BDA6-46A7-80F5-E101214CC8B1}.Release|x64.ActiveCfg = Release|x64
		{AD11F1DD-BDA6-46A7-80F5-E101214CC8B1}.Release|x64.Build.0 = Release|x64
		{AD11F1DD-BDA6-46A7-80F5-E101214CC8B1}.Release|x86.ActiveCfg = Release|Win32
		{AD11F1DD-BDA6-46A7-80F5-E101214CC8B1}.Release|x86.Build.0 = Release|Win32
		{06B63124-8D6C-4DE6-ADB5-BF0300D723F6}.Debug|x64.ActiveCfg = Debug|x64
		{06B63124-8D6C-4DE6-ADB5-BF0300D723F6}.Debug|x64.Build.0 = Debug|x64
		{06B63124-8D6C-4DE6-ADB5-BF0300D723F6}.Debug|x86.ActiveCfg = Debug|Win32
		{06B63124-8D6C-4DE6-ADB5-BF0300D723F6}.Debug|x86.Build.0 = Debug|Win32
		{06B63124-8D6C-4DE6-ADB5-BF0300D723F6}.Release|x64.ActiveCfg = Release|x64
		{06B63124-8D6C-4DE6-ADB5-BF0300D723F6}.Release|x64.Build.0 = Release|x64
		{06B63124-8D6C-4DE6-ADB5-BF0300D723F6}.Release|x86.ActiveCfg = Release|Win32
		{06B63124-8D6C-4DE6-ADB5-BF0300D723F6}.Release|x86.Build.0 = Release|Win32
		{5C57E068-6EA3-4734-A3C6-22842ED5E8A7}.Debug|x64.ActiveCfg = Debug|x64
		{5C57E068-6EA3-4734-A3C6-22842ED5E8A7}.Debug|x64.Build.0 = Debug|x64
		{5C57E068-6EA3-4734-A3C6-22842ED5E8A7}.Debug|x86.ActiveCfg = Debug|Win32
		{5C57E068-6EA3-4734-A3C6-22842ED5E8A7}.Debug|x86.Build.0 = Debug|Win32
		{5C57E068-6EA3-4734-A3C6-22842ED5E8A7}.Release|x64.ActiveCfg = Release|x64
		{5C57E068-6EA3-4734-A3C6-22842ED5E8A7}.Release|x64.Build.0 = Release|x64
		{5C57E068-6EA3-4734-A3C6-22842ED5E8A7}.Release|x86.ActiveCfg = Release|Win32
		{5C57E068-6EA3-4734-A3C6-22842ED5E8A7}.Release|x86.Build.0 = Release|Win32
		{48EDA239-BCAD-4E2F-9ABD-88A0A3390B8A}.Debug|x64.ActiveCfg = Debug|x64
		{48EDA239-BCAD-4E2F-9ABD-88A0A3390B8A}.Debug|x64.Build.0 = Debug|x64
		{48EDA239-BCAD-4E2F-9ABD-88A0A3390B8A}.Debug|x86.ActiveCfg = Debug|Win32
		{48EDA239-BCAD-4E2F-9ABD-88A0A3390B8A}.Debug|x86.Build.0 = Debug|Win32
		{48EDA239-BCAD-4E2F-9ABD-88A0A3390B8A}.Release|x64.ActiveCfg = Release|x64
		{48EDA239-BCAD-4E2F-9ABD-88A0A3390B8A}.Release|x64.Build.0 = Release|x64
		{48EDA239-BCAD-4E2F-9ABD-88A0A3390B8A}.Release|x86.ActiveCfg = Release|Win32
		{48EDA239-BCAD-4E2F-9ABD-88A0A3390B8A}.Release|x86.Build.0 = Release|Win32
		{D2AB7363-00B1-47F3-972B-02B64E895260}.Debug|x64.ActiveCfg = Debug|x64
		{D2AB7363-00B1-47F3-972B-02B64E895260}.Debug|x64.Build.0 = Debug|x64
		{D2AB7363-00B1-47F3-972B-02B64E895260}.Debug|x86.ActiveCfg = Debug|Win32
		{D2AB7363-00B1-47F3-972B-02B64E895260}.Debug|x86.Build.0 = Debug|Win32
		{D2AB7363-00B1-47F3-972B-02B64E895260}.Release|x64.ActiveCfg = Release|x64
		{D2AB7363-00B1-47F3-972B-02B64E895260}.Release|x64.Build.0 = Release|x64
		{D2AB7363-00B1-47F3-972B-02B64E895260}.Release|x86.ActiveCfg = Release|Win32
		{D2AB7363-00B1-47F3-972B-02B64E895260}.Release|x86.Build.0 = Release|Win32
		{57E0729F-8A3E-4314-A51F-5B41CB8A7242}.Debug|x64.ActiveCfg = Debug|x64
		{57E0729F-8A3E-4314-A51F-5B41CB8A7242}.Debug|x64.Build.0 = Debug|x64
		{57E0729F-8A3E-4314-A51F-5B41CB8A7242}.Debug|x86.ActiveCfg = Debug|Win32
		{57E0729F-8A3E-4314-A51F-5B41CB8A7242}.Debug|x86.Build.0 = Debug|Win32
		{57E0729F-8A3E-4314-A51F-5B41CB8A7242}.Release|x64.ActiveCfg = Release|x64
		{57E0729F-8A3E-4314-A51F-5B41CB8A7242}.Release|x64.Build.0 = Release|x64
		{57E0729F-8A3E-4314-A51F-5B41CB8A7242}.Release|x86.ActiveCfg = Release|Win32
		{57E0729F-8A3E-4314-A51F-5B41CB8A7242}.Release|x86.Build.0 = Release|Win32
		{3B316E57-B31F-4E30-AF7A-8E976F81DDCF}.Debug|x64.ActiveCfg = Debug|x64
		{3B316E57-B31F-4E30-AF7A-8E976F81DDCF}.Debug|x64.Build.0 = Debug|x64
		{3B316E57-B31F-4E30-AF7A-8E976F81DDCF}.Debug|x86.ActiveCfg = Debug|Win32
		{3B316E57-B31F-4E30-AF7A-8E976F81DDCF}.Debug|x86.Build.0 = Debug|Win32
		{3B316E57-B31F-4E30-AF7A-8E976F81DDCF}.Release|x64.ActiveCfg = Release|x64
		{3B316E57-B31F-4E30-AF7A-8E976F81DDCF}.Release|x64.Build.0 = Release|x64
		{3B316E57-B31F-4E30-AF7A-8E976F81DDCF}.Release|x86.ActiveCfg = Release|Win32
		{3B316E57-B31F-4E30-AF7A-8E976F81DDCF}.Release|x86.Build.0 = Release|Win32
		{32FFAC52-7694-491E-B3E1-3992C09D0A43}.Debug|x64.ActiveCfg = Debug|x64
		{32FFAC52-7694-491E-B3E1-3992C09D0A43}.Debug|x64.Build.0 = Debug|x64
		{32FFAC52-7694-491E-B3E1-3992C09D0A43}.Debug|x86.ActiveCfg = Debug|Win32
		{32FFAC52-7694-491E-B3E1-3992C09D0A43}.Debug|x86.Build.0 = Debug|Win32
		{32FFAC52-7694-491E-B3E1-3992C09D0A43}.Release|x64.ActiveCfg = Release|x64
		{32FFAC52-7694-491E-B3E1-3992C09D0A43}.Release|x64.Build.0 = Release|x64
		{32FFAC52-7694-491E-B3E1-3992C09D0A43}.Release|x86.ActiveCfg = Release|Win32
		{32FFAC52-7694-491E-B3E1-3992C09D0A43}.Release|x86.Build.0 = Release|Win32
		{C2EE6F7C-8B82-4B47-8D87-D66145DB6743}.Debug|x64.ActiveCfg = Debug|x64
		{C2EE6F7C-8B82-4B47-8D87-D66145DB6743}.Debug|x64.Build.0 = Debug|x64
		{C2EE6F7C-8B82-4B47-8D87-D66145DB6743}.Debug|x86.ActiveCfg = Debug|Win32
		{C2EE6F7C-8B82-4B47-8D87-D66145DB6743}.Debug|x86.Build.0 = Debug|Win32
		{C2EE6F7C-8B82-4B47-8D87-D66145DB6743}.Release|x64.ActiveCfg = Release|x64
		{C2EE6F7C-8B82-4B47-8D87-D66145DB6743}.Release|x64.Build.0 = Release|x64
		{C2EE6F7C-8B82-4B47-8D87-D66145DB6743}.Release|x86.ActiveCfg = Release|Win32
		{C2EE6F7C-8B82-4B47-8D87-D66145DB6743}.Release|x86.Build.0 = Release|Win32
		{CCDA171C-AE1D-4BF5-AF1C-B7320C956A42}.Debug|x64.ActiveCfg = Debug|x64
		{CCDA171C-AE1D-4BF5-AF1C-B7320C956A42}.Debug|x64.Build.0 = Debug|x64
		{CCDA171C-AE1D-4BF5-AF1C-B7320C956A42}.Debug|x86.ActiveCfg = Debug|Win32
		{CCDA171C-AE1D-4BF5-AF1C-B7320C956A42}.Debug|x86.Build.0 = Debug|Win32
		{CCDA171C-AE1D-4BF5-AF1C-B7320C956A42}.Release|x64.ActiveCfg = Release|x64
		{CCDA171C-AE1D-4BF5-AF1C-B7320C956A42}.Release|x64.Build.0 = Release|x64
		{CCDA171C-AE1D-4BF5-AF1C-B7320C956A42}.Release|x86.ActiveCfg = Release|Win32
		{CCDA171C-AE1D-4BF5-AF1C-B7320C956A42}.Release|x86.Build.0 = Release|Win32
		{D2C27490-261E-4C6B-8509-C6F4BA3EF992}.Debug|x64.ActiveCfg = Debug|x64
		{D2C27490-261E-4C6B-8509-C6F4BA3EF992}.Debug|x64.Build.0 = Debug|x64
		{D2C27490-261E-4C6B-8509-C6F4BA3EF992}.Debug|x86.ActiveCfg = Debug|Win32
		{D2C27490-261E-4C6B-8509-C6F4BA3EF992}.Debug|x86.Build.0 = Debug|Win32
		{D2C27490-261E-4C6B-8509-C6F4BA3EF992}.Release|x64.ActiveCfg = Release|x64
		{D2C27490-261E-4C6B-8509-C6F4BA3EF992}.Release|x64.Build.0 = Release|x64
		{D2C27490-261E-4C6B-8509-C6F4BA3EF992}.Release|x86.ActiveCfg = Release|Win32
		{D2C27490-261E-4C6B-8509-C6F4BA3EF992}.Release|x86.Build.0 = Release|Win32
		{8C8C16C0-6102-48AE-9165-C9BA7A9DB9AD}.Debug|x64.ActiveCfg = Debug|x64
		{8C8C16C0-6102-48AE-9165-C9BA7A9DB9AD}.Debug|x64.Build.0 = Debug|x64
		{8C8C16C0-6102-48AE-9165-C9BA7A9DB9AD}.Debug|x86.ActiveCfg = Debug|Win32
		{8C8C16C0-6102-48AE-9165-C9BA7A9DB9AD}.Debug|x86.Build.0 = Debug|Win32
		{8C8C16C0-6102-48AE-9165-C9BA7A9DB9AD}.Release|x64.ActiveCfg = Release|x64
		{8C8C16C0-6102-48AE-9165-C9BA7A9DB9AD}.Release|x64.Build.0 = Release|x64
		{8C8C16C0-6102-48AE-9165-C9BA7A9DB9AD}.Release|x86.ActiveCfg = Release|Win32
		{8C8C16C0-6102-48AE-9165-C9BA7A9DB9AD}.Release|x86.Build.0 = Release|Win32
		{9B52AE85-FF0D-467B-8064-8810D934627E}.Debug|x64.ActiveCfg = Debug|x64
		{9B52AE85-FF0D-467B-8064-8810D934627E}.Debug|x64.Build.0 = Debug|x64
		{9B52AE85-FF0D-467B-8064-8810D934627E}.Debug|x86.ActiveCfg = Debug|Win32
		{9B52AE85-FF0D-467B-8064-8810D934627E}.Debug|x86.Build.0 = Debug|Win32
		{9B52AE85-FF0D-467B-8064-8810D934627E}.Release|x64.ActiveCfg = Release|x64
		{9B52AE85-FF0D-467B-8064-8810D934627E}.Release|x64.Build.0 = Release|x64
		{9B52AE85-FF0D-467B-8064-8810D934627E}.Release|x86.ActiveCfg = Release|Win32
		{9B52AE85-FF0D-467B-8064-8810D934627E}.Release|x86.Build.0 = Release|Win32
		{BA3B2B30-90DD-45EE-83BC-E7C865C11AC7}.Debug|x64.ActiveCfg = Debug|x64
		{BA3B2B30-90DD-45EE-83BC-E7C865C11AC7}.Debug|x64.Build.0 = Debug|x64
		{BA3B2B30-90DD-45EE-83BC-E7C865C11AC7}.Debug|x86.ActiveCfg = Debug|Win32
		{BA3B2B30-90DD-45EE-83BC-E7C865C11AC7}.Debug|x86.Build.0 = Debug|Win32
		{BA3B2B30-90DD-45EE-83BC-E7C865C11AC7}.Release|x64.ActiveCfg = Release|x64
		{BA3B2B30-90DD-45EE-83BC-E7C865C11AC7}.Release|x64.Build.0 = Release|x64
		{BA3B2B30-90DD-45EE-83BC-E7C865C11AC7}.Release|x86.ActiveCfg = Release|Win32
		{BA3B2B30-90DD-45EE-83BC-E7C865C11AC7}.Release|x86.Build.0 = Release|Win32
		{31DA827B-8E38-42D4-8274-08E3F78DEB3E}.Debug|x64.ActiveCfg = Debug|x64
		{31DA827B-8E38-42D4-8274-08E3F78DEB3E}.Debug|x64.Build.0 = Debug|x64
		{31DA827B-8E38-42D4-8274-08E3F78DEB3E}.Debug|x86.ActiveCfg = Debug|Win32
		{31DA827B-8E38-42D4-8274-08E3F78DEB3E}.Debug|x86.Build.0 = Debug|Win32
		{31DA827B-8E38-42D4-8274-08E3F78DEB3E}.Release|x64.ActiveCfg = Release|x64
		{31DA827B-8E38-42D4-8274-08E3F78DEB3E}.Release|x64.Build.0 = Release|x64
		{31DA827B-8E38-42D4-8274-08E3F78DEB3E}.Release|x86.ActiveCfg = Release|Win32
		{31DA827B-8E38-42D4-8274-08E3F78DEB3E}.Release|x86.Build.0 = Release|Win32
		{ECFE2D85-3614-4377-B5B7-3E950271F98D}.Debug|x64.ActiveCfg = Debug|x64
		{ECFE2D85-3614-4377-B5B7-3E950271F98D}.Debug|x64.Build.0 = Debug|x64
		{ECFE2D85-3614-4377-B5B7-3E950271F98D}.Debug|x86.ActiveCfg = Debug|Win32
		{ECFE2D85-3614-4377-B5B7-3E950271F98D}.Debug|x86.Build.0 = Debug|Win32
		{ECFE2D85-3614-4377-B5B7-3E950271F98D}.Release|x64.ActiveCfg = Release|x64
		{ECFE2D85-3614-4377-B5B7-3E950271F98D}.Release|x64.Build.0 = Release|x64
		{ECFE2D85-3614-4377-B5B7-3E950271F98D}.Release|x86.ActiveCfg = Release|Win32
		{ECFE2D85-3614-4377-B5B7-3E950271F98D}.Release|x86.Build.0 = Release|Win32
		{E045F9DC-92F0-4274-AE16-F7B72CE4FEE1}.Debug|x64.ActiveCfg = Debug|x64
		{E045F9DC-92F0-4274-AE16-F7B72CE4FEE1}.Debug|x64.Build.0 = Debug|x64
		{E045F9DC-92F0-4274-AE16-F7B72CE4FEE1}.Debug|x86.ActiveCfg = Debug|Win32
		{E045F9DC-92F0-4274-AE16-F7B72CE4FEE1}.Debug|x86.Build.0 = Debug|Win32
		{E045F9DC-92F0-4274-AE16-F7B72CE4FEE1}.Release|x64.ActiveCfg = Release|x64
		{E045F9DC-92F0-4274-AE16-F7B72CE4FEE1}.Release|x64.Build.0 = Release|x64
		{E045F9DC-92F0-4274-AE16-F7B72CE4FEE1}.Release|x86.ActiveCfg = Release|Win32
		{E045F9DC-92F0-4274-AE16-F7B72CE4FEE1}.Release|x86.Build.0 = Release|Win32
		{C17CC73A-4588-495F-838F-E54F9522AD7B}.Debug|x64.ActiveCfg = Debug|x64
		{C17CC73A-4588-495F-838F-E54F9522AD7B}.Debug|x64.Build.0 = Debug|x64
		{C17CC73A-4588-495F-838F-E54F9522AD7B}.Debug|x86.ActiveCfg = Debug|Win32
		{C17CC73A-4588-495F-838F-E54F9522AD7B}.Debug|x86.Build.0 = Debug|Win32
		{C17CC73A-4588-495F-838F-E54F9522AD7B}.Release|x64.ActiveCfg = Release|x64
		{C17CC73A-4588-495F-838F-E54F9522AD7B}.Release|x64.Build.0 = Release|x64
		{C17CC73A-4588-495F-838F-E54F9522AD7B}.Release|x86.ActiveCfg = Release|Win32
		{C17CC73A-4588-495F-838F-E54F9522AD7B}.Release|x86.Build.0 = Release|Win32
		{3077B6AC-02FD-493A-B784-43B94DD99CB1}.Debug|x64.ActiveCfg = Debug|x64
		{3077B6AC-02FD-493A-B784-43B94DD99CB1}.Debug|x64.Build.0 = Debug|x64
		{3077B6AC-02FD-493A-B784-43B94DD99CB1}.Debug|x86.ActiveCfg = Debug|Win32
		{3077B6AC-02FD-493A-B784-43B94DD99CB1}.Debug|x86.Build.0 = Debug|Win32
		{3077B6AC-02FD-493A-B784-43B94DD99CB1}.Release|x64.ActiveCfg = Release|x64
		{3077B6AC-02FD-493A-B784-43B94DD99CB1}.Release|x64.Build.0 = Release|x64
		{3077B6AC-02FD-493A-B784-43B94DD99CB1}.Release|x86.ActiveCfg = Release|Win32
		{3077B6AC-02FD-493A-B784-43B94DD99CB1}.Release|x86.Build.0 = Release|Win32
		{917704CB-74EF-4D9A-B6D5-80C0CAE6A7DE}.Debug|x64.ActiveCfg = Debug|x64
		{917704CB-74EF-4D9A-B6D5-80C0CAE6A7DE}.Debug|x64.Build.0 = Debug|x64
		{917704CB-74EF-4D9A-B6D5-80C0CAE6A7DE}.Debug|x86.ActiveCfg = Debug|Win32
		{917704CB-74EF-4D9A-B6D5-80C0CAE6A7DE}.Debug|x86.Build.0 = Debug|Win32
		{917704CB-74EF-4D9A-B6D5-80C0CAE6A7DE}.Release|x64.ActiveCfg = Release|x64
		{917704CB-74EF-4D9A-B6D5-80C0CAE6A7DE}.Release|x64.Build.0 = Release|x64
		{917704CB-74EF-4D9A-B6D5-80C0CAE6A7DE}.Release|x86.ActiveCfg = Release|Win32
		{917704CB-74EF-4D9A-B6D5-80C0CAE6A7DE}.Release|x86.Build.0 = Release|Win32
		{D3E5DEB4-E10B-4408-8AE3-2E8A0D69A0E3}.Debug|x64.ActiveCfg = Debug|x64
		{D3E5DEB4-E10B-4408-8AE3-2E8A0D69A0E3}.Debug|x64.Build.0 = Debug|x64
		{D3E5DEB4-E10B-4408-8AE3-2E8A0D69A0E3}.Debug|x86.ActiveCfg = Debug|Win32
		{D3E5DEB4-E10B-4408-8AE3-2E8A0D69A0E3}.Debug|x86.Build.0 = Debug|Win32
		{D3E5DEB4-E10B-4408-8AE3-2E8A0D69A0E3}.Release|x64.ActiveCfg = Release|x64
		{D3E5DEB4-E10B-4408-8AE3-2E8A0D69A0E3}.Release|x64.Build.0 = Release|x64
		{D3E5DEB4-E10B-4408-8AE3-2E8A0D69A0E3}.Release|x86.ActiveCfg = Release|Win32
		{D3E5DEB4-E10B-4408-8AE3-2E8A0D69A0E3}.Release|x86.Build.0 = Release|Win32
		{95E1E4B9-213F-4C75-88B9-51D3DCC2E524}.Debug|x64.ActiveCfg = Debug|x64
		{95E1E4B9-213F-4C75-88B9-51D3DCC2E524}.Debug|x64.Build.0 = Debug|x64
		{95E1E4B9-213F-4C75-88B9-51D3DCC2E524}.Debug|x86.ActiveCfg = Debug|Win32
		{95E1E4B9-213F-4C75-88B9-51D3DCC2E524}.Debug|x86.Build.0 = Debug|Win32
		{95E1E4B9-213F-4C75-88B9-51D3DCC2E524}.Release|x64.ActiveCfg = Release|x64
		{95E1E4B9-213F-4C75-88B9-51D3DCC2E524}.Release|x64.Build.0 = Release|x64
		{95E1E4B9-213F-4C75-88B9-51D3DCC2E524}.Release|x86.ActiveCfg = Release|Win32
		{95E1E4B9-213F-4C75-88B9-51D3DCC2E524}.Release|x86.Build.0 = Release|Win32
	EndGlobalSection
	GlobalSection(SolutionProperties) = preSolution
		HideSolutionNode = FALSE
	EndGlobalSection
	GlobalSection(ExtensibilityGlobals) = postSolution
		SolutionGuid = {C7BFC4E6-3F50-4904-B182-150FDDC9FE28}
	EndGlobalSection
EndGlobal
